
Microsoft Visual Studio Solution File, Format Version 12.00
# Visual Studio Version 17
VisualStudioVersion = 17.5.002.0
MinimumVisualStudioVersion = 10.0.40219.1
Project("{9A19103F-16F7-4668-BE54-9A1E7A4F7556}") = "VertexAISDK", "VertexAISDK.csproj", "{98EE9593-C965-4088-9648-B127E16CAAF4}"
EndProject
Global
	GlobalSection(SolutionConfigurationPlatforms) = preSolution
		Debug|Any CPU = Debug|Any CPU
		Release|Any CPU = Release|Any CPU
	EndGlobalSection
	GlobalSection(ProjectConfigurationPlatforms) = postSolution
		{98EE9593-C965-4088-9648-B127E16CAAF4}.Debug|Any CPU.ActiveCfg = Debug|Any CPU
		{98EE9593-C965-4088-9648-B127E16CAAF4}.Debug|Any CPU.Build.0 = Debug|Any CPU
		{98EE9593-C965-4088-9648-B127E16CAAF4}.Release|Any CPU.ActiveCfg = Release|Any CPU
		{98EE9593-C965-4088-9648-B127E16CAAF4}.Release|Any CPU.Build.0 = Release|Any CPU
	EndGlobalSection
	GlobalSection(SolutionProperties) = preSolution
		HideSolutionNode = FALSE
	EndGlobalSection
	GlobalSection(ExtensibilityGlobals) = postSolution
		SolutionGuid = {5DC3E2CB-BA24-4F37-AA96-7485FD5C4FA6}
	EndGlobalSection
EndGlobal
